Microsoft Visual Studio Solution File, Format Version 12.00
# Visual Studio 14
VisualStudioVersion = 14.0.25420.1
MinimumVisualStudioVersion = 10.0.40219.1
Project("{FAE04EC0-301F-11D3-BF4B-00C04F79EFBC}") = "ShamanGreenCore", "ShamanGreenCore\ShamanGreenCore.csproj", "{7DB36E72-3006-47D7-8593-CE3BD41223F4}"
EndProject
Project("{FAE04EC0-301F-11D3-BF4B-00C04F79EFBC}") = "ShamanGreenCoreWinForms", "TestWinforms\ShamanGreenCoreWinForms.csproj", "{D31EFB53-180C-4D8A-8473-B13D14117592}"
EndProject
Project("{54435603-DBB4-11D2-8724-00A0C9A8B90C}") = "SetupGreencore", "SetupGreencore\SetupGreencore.vdproj", "{D5BE40EC-98ED-46D2-BFCF-D1432CDD058E}"
EndProject
Global
	GlobalSection(SolutionConfigurationPlatforms) = preSolution
		CD_ROM|Any CPU = CD_ROM|Any CPU
		Debug|Any CPU = Debug|Any CPU
		DVD-5|Any CPU = DVD-5|Any CPU
		Release|Any CPU = Release|Any CPU
		SingleImage|Any CPU = SingleImage|Any CPU
	EndGlobalSection
	GlobalSection(ProjectConfigurationPlatforms) = postSolution
		{7DB36E72-3006-47D7-8593-CE3BD41223F4}.CD_ROM|Any CPU.ActiveCfg = Release|Any CPU
		{7DB36E72-3006-47D7-8593-CE3BD41223F4}.CD_ROM|Any CPU.Build.0 = Release|Any CPU
		{7DB36E72-3006-47D7-8593-CE3BD41223F4}.Debug|Any CPU.ActiveCfg = Debug|Any CPU
		{7DB36E72-3006-47D7-8593-CE3BD41223F4}.Debug|Any CPU.Build.0 = Debug|Any CPU
		{7DB36E72-3006-47D7-8593-CE3BD41223F4}.DVD-5|Any CPU.ActiveCfg = Debug|Any CPU
		{7DB36E72-3006-47D7-8593-CE3BD41223F4}.DVD-5|Any CPU.Build.0 = Debug|Any CPU
		{7DB36E72-3006-47D7-8593-CE3BD41223F4}.Release|Any CPU.ActiveCfg = Release|Any CPU
		{7DB36E72-3006-47D7-8593-CE3BD41223F4}.Release|Any CPU.Build.0 = Release|Any CPU
		{7DB36E72-3006-47D7-8593-CE3BD41223F4}.SingleImage|Any CPU.ActiveCfg = Release|Any CPU
		{7DB36E72-3006-47D7-8593-CE3BD41223F4}.SingleImage|Any CPU.Build.0 = Release|Any CPU
		{D31EFB53-180C-4D8A-8473-B13D14117592}.CD_ROM|Any CPU.ActiveCfg = Release|Any CPU
		{D31EFB53-180C-4D8A-8473-B13D14117592}.CD_ROM|Any CPU.Build.0 = Release|Any CPU
		{D31EFB53-180C-4D8A-8473-B13D14117592}.Debug|Any CPU.ActiveCfg = Debug|Any CPU
		{D31EFB53-180C-4D8A-8473-B13D14117592}.Debug|Any CPU.Build.0 = Debug|Any CPU
		{D31EFB53-180C-4D8A-8473-B13D14117592}.DVD-5|Any CPU.ActiveCfg = Debug|Any CPU
		{D31EFB53-180C-4D8A-8473-B13D14117592}.DVD-5|Any CPU.Build.0 = Debug|Any CPU
		{D31EFB53-180C-4D8A-8473-B13D14117592}.Release|Any CPU.ActiveCfg = Release|Any CPU
		{D31EFB53-180C-4D8A-8473-B13D14117592}.Release|Any CPU.Build.0 = Release|Any CPU
		{D31EFB53-180C-4D8A-8473-B13D14117592}.SingleImage|Any CPU.ActiveCfg = Release|Any CPU
		{D31EFB53-180C-4D8A-8473-B13D14117592}.SingleImage|Any CPU.Build.0 = Release|Any CPU
		{D5BE40EC-98ED-46D2-BFCF-D1432CDD058E}.CD_ROM|Any CPU.ActiveCfg = Release
		{D5BE40EC-98ED-46D2-BFCF-D1432CDD058E}.Debug|Any CPU.ActiveCfg = Debug
		{D5BE40EC-98ED-46D2-BFCF-D1432CDD058E}.DVD-5|Any CPU.ActiveCfg = Debug
		{D5BE40EC-98ED-46D2-BFCF-D1432CDD058E}.Release|Any CPU.ActiveCfg = Release
		{D5BE40EC-98ED-46D2-BFCF-D1432CDD058E}.SingleImage|Any CPU.ActiveCfg = Release
	EndGlobalSection
	GlobalSection(SolutionProperties) = preSolution
		HideSolutionNode = FALSE
	EndGlobalSection
	GlobalSection(ExtensibilityGlobals) = postSolution
		SolutionGuid = {BE44F9E0-5F02-4CAB-961F-33D946C14CEB}
	EndGlobalSection
EndGlobal
